
Microsoft Visual Studio Solution File, Format Version 12.00
# Visual Studio Version 16
VisualStudioVersion = 16.0.29418.71
MinimumVisualStudioVersion = 10.0.40219.1
Project("{FAE04EC0-301F-11D3-BF4B-00C04F79EFBC}") = "BolaoDaResenha", "BolaoDaResenha\BolaoDaResenha.csproj", "{7AC4276C-8C46-4020-A36F-E317EB13839D}"
EndProject
Project("{54435603-DBB4-11D2-8724-00A0C9A8B90C}") = "BolaoDaResenhaSETUP", "BolaoDaResenhaSETUP\BolaoDaResenhaSETUP.vdproj", "{359DE6DF-B91C-4F17-AC26-CD482EECA7AE}"
EndProject
Global
	GlobalSection(SolutionConfigurationPlatforms) = preSolution
		Debug|Any CPU = Debug|Any CPU
		Release|Any CPU = Release|Any CPU
	EndGlobalSection
	GlobalSection(ProjectConfigurationPlatforms) = postSolution
		{7AC4276C-8C46-4020-A36F-E317EB13839D}.Debug|Any CPU.ActiveCfg = Debug|Any CPU
		{7AC4276C-8C46-4020-A36F-E317EB13839D}.Debug|Any CPU.Build.0 = Debug|Any CPU
		{7AC4276C-8C46-4020-A36F-E317EB13839D}.Release|Any CPU.ActiveCfg = Release|Any CPU
		{7AC4276C-8C46-4020-A36F-E317EB13839D}.Release|Any CPU.Build.0 = Release|Any CPU
		{359DE6DF-B91C-4F17-AC26-CD482EECA7AE}.Debug|Any CPU.ActiveCfg = Debug
		{359DE6DF-B91C-4F17-AC26-CD482EECA7AE}.Release|Any CPU.ActiveCfg = Release
	EndGlobalSection
	GlobalSection(SolutionProperties) = preSolution
		HideSolutionNode = FALSE
	EndGlobalSection
	GlobalSection(ExtensibilityGlobals) = postSolution
		SolutionGuid = {1D342F13-AFA0-4173-AAD9-6DD77B5EBF3F}
	EndGlobalSection
EndGlobal
